
Microsoft Visual Studio Solution File, Format Version 12.00
# Visual Studio 15
VisualStudioVersion = 15.0.28010.2019
MinimumVisualStudioVersion = 10.0.40219.1
Project("{9A19103F-16F7-4668-BE54-9A1E7A4F7556}") = "DynamicLoadingRazorLib", "DynamicLoadingRazorLib\DynamicLoadingRazorLib.csproj", "{8D8D5A0A-A770-4477-B325-A8926A51EFE2}"
EndProject
Project("{9A19103F-16F7-4668-BE54-9A1E7A4F7556}") = "Plugin1", "Plugin1\Plugin1.csproj", "{E0E20C41-8AD1-48D4-98A1-19CD9327988A}"
EndProject
Project("{FAE04EC0-301F-11D3-BF4B-00C04F79EFBC}") = "WebHost", "WebHost\WebHost.csproj", "{7112D8AF-AEAC-466C-8E30-1B35E9F5884A}"
EndProject
Global
	GlobalSection(SolutionConfigurationPlatforms) = preSolution
		Debug|Any CPU = Debug|Any CPU
		Release|Any CPU = Release|Any CPU
	EndGlobalSection
	GlobalSection(ProjectConfigurationPlatforms) = postSolution
		{8D8D5A0A-A770-4477-B325-A8926A51EFE2}.Debug|Any CPU.ActiveCfg = Debug|Any CPU
		{8D8D5A0A-A770-4477-B325-A8926A51EFE2}.Debug|Any CPU.Build.0 = Debug|Any CPU
		{8D8D5A0A-A770-4477-B325-A8926A51EFE2}.Release|Any CPU.ActiveCfg = Release|Any CPU
		{8D8D5A0A-A770-4477-B325-A8926A51EFE2}.Release|Any CPU.Build.0 = Release|Any CPU
		{E0E20C41-8AD1-48D4-98A1-19CD9327988A}.Debug|Any CPU.ActiveCfg = Debug|Any CPU
		{E0E20C41-8AD1-48D4-98A1-19CD9327988A}.Debug|Any CPU.Build.0 = Debug|Any CPU
		{E0E20C41-8AD1-48D4-98A1-19CD9327988A}.Release|Any CPU.ActiveCfg = Release|Any CPU
		{E0E20C41-8AD1-48D4-98A1-19CD9327988A}.Release|Any CPU.Build.0 = Release|Any CPU
		{7112D8AF-AEAC-466C-8E30-1B35E9F5884A}.Debug|Any CPU.ActiveCfg = Debug|Any CPU
		{7112D8AF-AEAC-466C-8E30-1B35E9F5884A}.Debug|Any CPU.Build.0 = Debug|Any CPU
		{7112D8AF-AEAC-466C-8E30-1B35E9F5884A}.Release|Any CPU.ActiveCfg = Release|Any CPU
		{7112D8AF-AEAC-466C-8E30-1B35E9F5884A}.Release|Any CPU.Build.0 = Release|Any CPU
	EndGlobalSection
	GlobalSection(SolutionProperties) = preSolution
		HideSolutionNode = FALSE
	EndGlobalSection
	GlobalSection(ExtensibilityGlobals) = postSolution
		SolutionGuid = {6090BCB5-8467-4850-AB87-95B93EA89A39}
	EndGlobalSection
EndGlobal
